
Microsoft Visual Studio Solution File, Format Version 12.00
# Visual Studio 15
VisualStudioVersion = 15.0.28307.438
MinimumVisualStudioVersion = 10.0.40219.1
Project("{FAE04EC0-301F-11D3-BF4B-00C04F79EFBC}") = "First", "First\First.csproj", "{F7715587-06D0-417E-B128-CCC7312A6CD7}"
EndProject
Global
	GlobalSection(SolutionConfigurationPlatforms) = preSolution
		Debug|Any CPU = Debug|Any CPU
		Release|Any CPU = Release|Any CPU
	EndGlobalSection
	GlobalSection(ProjectConfigurationPlatforms) = postSolution
		{F7715587-06D0-417E-B128-CCC7312A6CD7}.Debug|Any CPU.ActiveCfg = Debug|Any CPU
		{F7715587-06D0-417E-B128-CCC7312A6CD7}.Debug|Any CPU.Build.0 = Debug|Any CPU
		{F7715587-06D0-417E-B128-CCC7312A6CD7}.Release|Any CPU.ActiveCfg = Release|Any CPU
		{F7715587-06D0-417E-B128-CCC7312A6CD7}.Release|Any CPU.Build.0 = Release|Any CPU
	EndGlobalSection
	GlobalSection(SolutionProperties) = preSolution
		HideSolutionNode = FALSE
	EndGlobalSection
	GlobalSection(ExtensibilityGlobals) = postSolution
		SolutionGuid = {2AAA7662-CF7A-4948-9944-8238F6A319F1}
	EndGlobalSection
EndGlobal
